
Microsoft Visual Studio Solution File, Format Version 12.00
# Visual Studio Version 17
VisualStudioVersion = 17.3.32825.248
MinimumVisualStudioVersion = 10.0.40219.1
Project("{FAE04EC0-301F-11D3-BF4B-00C04F79EFBC}") = "exercise1.4", "exercise1.4\exercise1.4.csproj", "{FF481C05-EDB0-42EA-BB61-2587DE68E222}"
EndProject
Global
	GlobalSection(SolutionConfigurationPlatforms) = preSolution
		Debug|Any CPU = Debug|Any CPU
		Release|Any CPU = Release|Any CPU
	EndGlobalSection
	GlobalSection(ProjectConfigurationPlatforms) = postSolution
		{FF481C05-EDB0-42EA-BB61-2587DE68E222}.Debug|Any CPU.ActiveCfg = Debug|Any CPU
		{FF481C05-EDB0-42EA-BB61-2587DE68E222}.Debug|Any CPU.Build.0 = Debug|Any CPU
		{FF481C05-EDB0-42EA-BB61-2587DE68E222}.Release|Any CPU.ActiveCfg = Release|Any CPU
		{FF481C05-EDB0-42EA-BB61-2587DE68E222}.Release|Any CPU.Build.0 = Release|Any CPU
	EndGlobalSection
	GlobalSection(SolutionProperties) = preSolution
		HideSolutionNode = FALSE
	EndGlobalSection
	GlobalSection(ExtensibilityGlobals) = postSolution
		SolutionGuid = {DEA49862-8386-4A38-AA3A-1DC4CA553FD3}
	EndGlobalSection
EndGlobal
